#MicroXplorer Configuration settings - do not modify
File.Version=5
KeepUserPlacement=true
Mcu.Family=STM32L1
Mcu.IP0=NVIC
Mcu.IP1=RCC
Mcu.IP2=SPI2
Mcu.IP3=SPI3
Mcu.IP4=SYS
Mcu.IP5=TIM2
Mcu.IP6=TIM3
Mcu.IP7=TIM4
Mcu.IP8=TIM5
Mcu.IPNb=9
Mcu.Name=STM32L152RETx
Mcu.Package=LQFP64
Mcu.Pin0=PC13-WKUP2
Mcu.Pin1=PC14-OSC32_IN
Mcu.Pin10=PA5
Mcu.Pin11=PA6
Mcu.Pin12=PA7
Mcu.Pin13=PB1
Mcu.Pin14=PB13
Mcu.Pin15=PB14
Mcu.Pin16=PB15
Mcu.Pin17=PA11
Mcu.Pin18=PA12
Mcu.Pin19=PA13
Mcu.Pin2=PC15-OSC32_OUT
Mcu.Pin20=PA14
Mcu.Pin21=PC10
Mcu.Pin22=PC12
Mcu.Pin23=PB3
Mcu.Pin24=VP_TIM2_VS_ClockSourceINT
Mcu.Pin25=VP_TIM4_VS_ClockSourceINT
Mcu.Pin26=VP_TIM5_VS_ClockSourceINT
Mcu.Pin3=PH0-OSC_IN
Mcu.Pin4=PH1-OSC_OUT
Mcu.Pin5=PC0
Mcu.Pin6=PC1
Mcu.Pin7=PA1
Mcu.Pin8=PA2
Mcu.Pin9=PA3
Mcu.PinsNb=27
Mcu.UserConstants=
Mcu.UserName=STM32L152RETx
MxCube.Version=4.10.1
MxDb.Version=DB.4.0.101
NVIC.EXTI15_10_IRQn=true\:15\:0\:true
NVIC.NonMaskableInt_IRQn=true\:0\:0\:false
NVIC.PriorityGroup=NVIC_PRIORITYGROUP_4
NVIC.SysTick_IRQn=true\:0\:0\:true
NVIC.TIM4_IRQn=true\:14\:0\:true
NVIC.TIM5_IRQn=true\:0\:0\:false
PA1.Signal=S_TIM2_CH2
PA11.GPIOParameters=GPIO_Speed,GPIO_PuPd,GPIO_ModeDefaultOutputPP
PA11.GPIO_ModeDefaultOutputPP=GPIO_MODE_OUTPUT_PP
PA11.GPIO_PuPd=GPIO_PULLUP
PA11.GPIO_Speed=GPIO_SPEED_VERY_LOW
PA11.Locked=true
PA11.Signal=GPIO_Output
PA12.GPIOParameters=GPIO_PuPd,GPIO_ModeDefaultEXTI
PA12.GPIO_ModeDefaultEXTI=GPIO_MODE_IT_RISING
PA12.GPIO_PuPd=GPIO_PULLDOWN
PA12.Locked=true
PA12.Signal=GPXTI12
PA13.GPIOParameters=GPIO_Label
PA13.GPIO_Label=TMS
PA13.Locked=true
PA13.Mode=Trace-Asynchronous_SW
PA13.Signal=SYS_JTMS-SWDIO
PA14.GPIOParameters=GPIO_Label
PA14.GPIO_Label=TCK
PA14.Locked=true
PA14.Mode=Trace-Asynchronous_SW
PA14.Signal=SYS_JTCK-SWCLK
PA2.GPIOParameters=GPIO_Speed,GPIO_PuPd,GPIO_Label,GPIO_Mode
PA2.GPIO_Label=USART_TX
PA2.GPIO_Mode=GPIO_MODE_AF_PP
PA2.GPIO_PuPd=GPIO_NOPULL
PA2.GPIO_Speed=GPIO_SPEED_HIGH
PA2.Locked=true
PA2.Signal=USART2_TX
PA3.GPIOParameters=GPIO_Speed,GPIO_PuPd,GPIO_Label,GPIO_Mode
PA3.GPIO_Label=USART_RX
PA3.GPIO_Mode=GPIO_MODE_AF_PP
PA3.GPIO_PuPd=GPIO_NOPULL
PA3.GPIO_Speed=GPIO_SPEED_HIGH
PA3.Locked=true
PA3.Signal=USART2_RX
PA5.GPIOParameters=GPIO_Speed,GPIO_PuPd,GPIO_Label,GPIO_ModeDefaultOutputPP
PA5.GPIO_Label=LD2 [Green Led]
PA5.GPIO_ModeDefaultOutputPP=GPIO_MODE_OUTPUT_PP
PA5.GPIO_PuPd=GPIO_PULLDOWN
PA5.GPIO_Speed=GPIO_SPEED_VERY_LOW
PA5.Locked=true
PA5.Signal=GPIO_Output
PA6.GPIOParameters=GPIO_ModeDefaultPP,GPIO_Speed,GPIO_PuPd
PA6.GPIO_ModeDefaultPP=GPIO_MODE_AF_PP
PA6.GPIO_PuPd=GPIO_PULLUP
PA6.GPIO_Speed=GPIO_SPEED_MEDIUM
PA6.Signal=S_TIM3_CH1
PA7.GPIOParameters=GPIO_ModeDefaultPP,GPIO_Speed,GPIO_PuPd
PA7.GPIO_ModeDefaultPP=GPIO_MODE_AF_PP
PA7.GPIO_PuPd=GPIO_PULLUP
PA7.GPIO_Speed=GPIO_SPEED_MEDIUM
PA7.Signal=S_TIM3_CH2
PB1.Locked=true
PB1.Signal=GPIO_Output
PB13.GPIOParameters=GPIO_Speed,GPIO_PuPd,GPIO_Mode
PB13.GPIO_Mode=GPIO_MODE_AF_PP
PB13.GPIO_PuPd=GPIO_PULLDOWN
PB13.GPIO_Speed=GPIO_SPEED_HIGH
PB13.Mode=Full_Duplex_Master
PB13.Signal=SPI2_SCK
PB14.GPIOParameters=GPIO_Speed,GPIO_PuPd,GPIO_Mode
PB14.GPIO_Mode=GPIO_MODE_AF_PP
PB14.GPIO_PuPd=GPIO_PULLDOWN
PB14.GPIO_Speed=GPIO_SPEED_HIGH
PB14.Mode=Full_Duplex_Master
PB14.Signal=SPI2_MISO
PB15.GPIOParameters=GPIO_Speed,GPIO_PuPd,GPIO_Mode
PB15.GPIO_Mode=GPIO_MODE_AF_PP
PB15.GPIO_PuPd=GPIO_PULLDOWN
PB15.GPIO_Speed=GPIO_SPEED_HIGH
PB15.Mode=Full_Duplex_Master
PB15.Signal=SPI2_MOSI
PB3.GPIOParameters=GPIO_Label
PB3.GPIO_Label=SWO
PB3.Locked=true
PB3.Mode=Trace-Asynchronous_SW
PB3.Signal=SYS_JTDO-TRACESWO
PC0.Locked=true
PC0.Signal=GPIO_Output
PC1.Locked=true
PC1.Signal=GPIO_Output
PC10.Mode=TX_Only_Simplex_Unidirect_Master
PC10.Signal=SPI3_SCK
PC12.Mode=TX_Only_Simplex_Unidirect_Master
PC12.Signal=SPI3_MOSI
PC13-WKUP2.GPIOParameters=GPIO_PuPd,GPIO_Label,GPIO_Mode
PC13-WKUP2.GPIO_Label=B1 [Blue PushButton]
PC13-WKUP2.GPIO_Mode=GPIO_MODE_INPUT
PC13-WKUP2.GPIO_PuPd=GPIO_NOPULL
PC13-WKUP2.Locked=true
PC13-WKUP2.Signal=GPIO_Input
PC14-OSC32_IN.Locked=true
PC14-OSC32_IN.Signal=RCC_OSC32_IN
PC15-OSC32_OUT.Locked=true
PC15-OSC32_OUT.Signal=RCC_OSC32_OUT
PCC.Checker=false
PCC.Line=STM32L151/152
PCC.MCU=STM32L152RETx
PCC.MXVersion=4.10.1
PCC.PartNumber=STM32L152RETx
PCC.Seq0=0
PCC.Series=STM32L1
PCC.Temperature=25
PCC.Vdd=3.0
PH0-OSC_IN.Locked=true
PH0-OSC_IN.Signal=RCC_OSC_IN
PH1-OSC_OUT.Locked=true
PH1-OSC_OUT.Signal=RCC_OSC_OUT
ProjectManager.AskForMigrate=true
ProjectManager.BackupPrevious=false
ProjectManager.CompilerOptimize=2
ProjectManager.ComputerToolchain=false
ProjectManager.CoupleFile=false
ProjectManager.DeletePrevious=true
ProjectManager.DeviceId=STM32L152RETx
ProjectManager.FirmwarePackage=STM32Cube FW_L1 V1.3.0
ProjectManager.FreePins=false
ProjectManager.HalAssertFull=false
ProjectManager.KeepUserCode=true
ProjectManager.LastFirmware=true
ProjectManager.LibraryCopy=0
ProjectManager.ProjectBuild=false
ProjectManager.ProjectFileName=heater.ioc
ProjectManager.ProjectName=heater
ProjectManager.TargetToolchain=SW4STM32
ProjectManager.ToolChainLocation=
RCC.AHBFreq_Value=32000000
RCC.APB1Freq_Value=32000000
RCC.APB1TimFreq_Value=32000000
RCC.APB2Freq_Value=32000000
RCC.APB2TimFreq_Value=32000000
RCC.FCLKCortexFreq_Value=32000000
RCC.FamilyName=M
RCC.HCLKFreq_Value=32000000
RCC.HSE_VALUE=8000000
RCC.HSI_VALUE=16000000
RCC.IPParameters=HCLKFreq_Value,SYSCLKFreq_VALUE,PLLCLKFreq_Value,FamilyName,RTCHSEDivFreq_Value,RTCFreq_Value,LSE_VALUE,PLLDIV,SYSCLKSource,FCLKCortexFreq_Value,PWRFreq_Value,APB2Freq_Value,MSI_VALUE,USBOutput,APB2TimFreq_Value,PLLMUL,HSE_VALUE,TIMFreq_Value,TimerFreq_Value,HSI_VALUE,RTCClockSelectionVirtual,LCDFreq_Value,APB1TimFreq_Value,APB1Freq_Value,AHBFreq_Value,LSI_VALUE,VCOOutputFreq_Value,MCOPinFreq_Value
RCC.LCDFreq_Value=32768
RCC.LSE_VALUE=32768
RCC.LSI_VALUE=37000
RCC.MCOPinFreq_Value=32000000
RCC.MSI_VALUE=2097000
RCC.PLLCLKFreq_Value=32000000
RCC.PLLDIV=RCC_PLL_DIV3
RCC.PLLMUL=RCC_PLL_MUL6
RCC.PWRFreq_Value=32000000
RCC.RTCClockSelectionVirtual=RCC_RTCCLKSOURCE_LSE
RCC.RTCFreq_Value=32768
RCC.RTCHSEDivFreq_Value=4000000
RCC.SYSCLKFreq_VALUE=32000000
RCC.SYSCLKSource=RCC_SYSCLKSOURCE_PLLCLK
RCC.TIMFreq_Value=32000000
RCC.TimerFreq_Value=32000000
RCC.USBOutput=48000000
RCC.VCOOutputFreq_Value=96000000
SH.GPXTI12.0=GPIO_EXTI12
SH.GPXTI12.ConfNb=1
SH.S_TIM2_CH2.0=TIM2_CH2,PWM Generation2 CH2
SH.S_TIM2_CH2.ConfNb=1
SH.S_TIM3_CH1.0=TIM3_CH1,Encoder_Interface
SH.S_TIM3_CH1.ConfNb=1
SH.S_TIM3_CH2.0=TIM3_CH2,Encoder_Interface
SH.S_TIM3_CH2.ConfNb=1
SPI2.BaudRatePrescaler=SPI_BAUDRATEPRESCALER_2
SPI2.CLKPolarity=SPI_POLARITY_HIGH
SPI2.CalculateBaudRate=16.0 MBits/s
SPI2.DataSize=SPI_DATASIZE_16BIT
SPI2.IPParameters=Mode,CalculateBaudRate,BaudRatePrescaler,CLKPolarity,DataSize
SPI2.Mode=SPI_MODE_MASTER
SPI3.CalculateBaudRate=16.0 MBits/s
SPI3.IPParameters=Mode,CalculateBaudRate
SPI3.Mode=SPI_MODE_MASTER
TIM2.Channel-PWM\ Generation2\ CH2=TIM_CHANNEL_2
TIM2.IPParameters=Prescaler,Period,Channel-PWM Generation2 CH2
TIM2.Period=0xffff
TIM2.Prescaler=500
TIM3.CounterMode=TIM_COUNTERMODE_DOWN
TIM3.IC1Filter=10
TIM3.IC2Filter=10
TIM3.IPParameters=Period,IC1Filter,IC2Filter,CounterMode
TIM3.Period=1000
TIM4.IPParameters=Period,Prescaler
TIM4.Period=0xffff
TIM4.Prescaler=2000
TIM5.IPParameters=Period,Prescaler
TIM5.Period=0xffff
TIM5.Prescaler=2000
VP_TIM2_VS_ClockSourceINT.Mode=Internal
VP_TIM2_VS_ClockSourceINT.Signal=TIM2_VS_ClockSourceINT
VP_TIM4_VS_ClockSourceINT.Mode=Internal
VP_TIM4_VS_ClockSourceINT.Signal=TIM4_VS_ClockSourceINT
VP_TIM5_VS_ClockSourceINT.Mode=Internal
VP_TIM5_VS_ClockSourceINT.Signal=TIM5_VS_ClockSourceINT
board=NUCLEO-L152RE
boardIOC=true
